{
  "name": "contest",
  "version": "1.0.0",
  "lockfileVersion": 1,
  "requires": true,
  "dependencies": {
    "@datastructures-js/heap": {
      "version": "3.0.0",
      "resolved": "https://registry.npmjs.org/@datastructures-js/heap/-/heap-3.0.0.tgz",
      "integrity": "sha512-CoOfZ4DtPQd0DiG9AKub51hwfEemWzkbrJD5EwOfSnEjJpmDI06POVpy63IOdAOLPAo4G18npxJz9WUPF9EvLA=="
    },
    "@datastructures-js/priority-queue": {
      "version": "5.0.0",
      "resolved": "https://registry.npmjs.org/@datastructures-js/priority-queue/-/priority-queue-5.0.0.tgz",
      "integrity": "sha512-+hPNA4QsuGfkio0vuqkMTJleQ0YArYWOtTyciy2Vxv6UnmPMaTIqzR75daMwssUOa9CiBOshPU93SC9VKRnUiw==",
      "requires": {
        "@datastructures-js/heap": "^3.0.0"
      }
    },
    "collections": {
      "version": "5.1.11",
      "resolved": "https://registry.npmjs.org/collections/-/collections-5.1.11.tgz",
      "integrity": "sha512-WbBP7RRuAwnZHNTcDsUEHZxcowEWMfI0r2iN0okRS147IAvJsR6EAi1+b/C0ytmCtGne456azwgZ1RZsBxWSiw==",
      "requires": {
        "weak-map": "~1.0.x"
      }
    },
    "weak-map": {
      "version": "1.0.5",
      "resolved": "https://registry.npmjs.org/weak-map/-/weak-map-1.0.5.tgz",
      "integrity": "sha1-eWkVhNmGB/UHC9O3CkDmuyLkAes="
    }
  }
}
